
Microsoft Visual Studio Solution File, Format Version 12.00
# Visual Studio Version 17
VisualStudioVersion = 17.5.33516.290
MinimumVisualStudioVersion = 10.0.40219.1
Project("{FAE04EC0-301F-11D3-BF4B-00C04F79EFBC}") = "TryWebAPI2", "TryWebAPI2.csproj", "{FEB106A3-2479-4608-BE90-F1256CB00BD7}"
EndProject
Global
	GlobalSection(SolutionConfigurationPlatforms) = preSolution
		Debug|Any CPU = Debug|Any CPU
		Release|Any CPU = Release|Any CPU
	EndGlobalSection
	GlobalSection(ProjectConfigurationPlatforms) = postSolution
		{FEB106A3-2479-4608-BE90-F1256CB00BD7}.Debug|Any CPU.ActiveCfg = Debug|Any CPU
		{FEB106A3-2479-4608-BE90-F1256CB00BD7}.Debug|Any CPU.Build.0 = Debug|Any CPU
		{FEB106A3-2479-4608-BE90-F1256CB00BD7}.Release|Any CPU.ActiveCfg = Release|Any CPU
		{FEB106A3-2479-4608-BE90-F1256CB00BD7}.Release|Any CPU.Build.0 = Release|Any CPU
	EndGlobalSection
	GlobalSection(SolutionProperties) = preSolution
		HideSolutionNode = FALSE
	EndGlobalSection
	GlobalSection(ExtensibilityGlobals) = postSolution
		SolutionGuid = {0696B125-21BB-447A-9571-DF7D65171780}
	EndGlobalSection
EndGlobal
